
Microsoft Visual Studio Solution File, Format Version 12.00
# Visual Studio 15
VisualStudioVersion = 15.0.28307.1525
MinimumVisualStudioVersion = 10.0.40219.1
Project("{FAE04EC0-301F-11D3-BF4B-00C04F79EFBC}") = "EntryLevelCodingChallenge", "EntryLevelCodingChallenge\EntryLevelCodingChallenge.csproj", "{9C29F9C3-E245-4FF2-AE12-378A479CE9AC}"
EndProject
Global
	GlobalSection(SolutionConfigurationPlatforms) = preSolution
		Debug|Any CPU = Debug|Any CPU
		Release|Any CPU = Release|Any CPU
	EndGlobalSection
	GlobalSection(ProjectConfigurationPlatforms) = postSolution
		{9C29F9C3-E245-4FF2-AE12-378A479CE9AC}.Debug|Any CPU.ActiveCfg = Debug|Any CPU
		{9C29F9C3-E245-4FF2-AE12-378A479CE9AC}.Debug|Any CPU.Build.0 = Debug|Any CPU
		{9C29F9C3-E245-4FF2-AE12-378A479CE9AC}.Release|Any CPU.ActiveCfg = Release|Any CPU
		{9C29F9C3-E245-4FF2-AE12-378A479CE9AC}.Release|Any CPU.Build.0 = Release|Any CPU
	EndGlobalSection
	GlobalSection(SolutionProperties) = preSolution
		HideSolutionNode = FALSE
	EndGlobalSection
	GlobalSection(ExtensibilityGlobals) = postSolution
		SolutionGuid = {CD6169A9-AC81-4617-A48B-F02C2163E45B}
	EndGlobalSection
EndGlobal
